// !$*UTF8*$!
{
	archiveVersion = 1;
	classes = {
	};
	objectVersion = 50;
	objects = {

/* Begin PBXBuildFile section */
		46567341226D66F7000F646E /* main.m in Sources */ = {isa = PBXBuildFile; fileRef = 46567340226D66F7000F646E /* main.m */; };
		46A9E526226D72E0006D34C2 /* NetManager.m in Sources */ = {isa = PBXBuildFile; fileRef = 46A9E522226D72E0006D34C2 /* NetManager.m */; };
		46A9E527226D72E0006D34C2 /* NetManager+UPRequest.m in Sources */ = {isa = PBXBuildFile; fileRef = 46A9E523226D72E0006D34C2 /* NetManager+UPRequest.m */; };
		46A9E52A226DB55F006D34C2 /* NetMangerConfigure.m in Sources */ = {isa = PBXBuildFile; fileRef = 46A9E529226DB55F006D34C2 /* NetMangerConfigure.m */; };
		FEE30B44B085010D0433E849 /* libPods-net.a in Frameworks */ = {isa = PBXBuildFile; fileRef = 74E5C89C146BF02D0AF5C983 /* libPods-net.a */; };
/* End PBXBuildFile section */

/* Begin PBXCopyFilesBuildPhase section */
		4656733B226D66F7000F646E /* CopyFiles */ = {
			isa = PBXCopyFilesBuildPhase;
			buildActionMask = 2147483647;
			dstPath = /usr/share/man/man1/;
			dstSubfolderSpec = 0;
			files = (
			);
			runOnlyForDeploymentPostprocessing = 1;
		};
/* End PBXCopyFilesBuildPhase section */

/* Begin PBXFileReference section */
		3B19C2BFC40E469A051934ED /* Pods-net.debug.xcconfig */ = {isa = PBXFileReference; includeInIndex = 1; lastKnownFileType = text.xcconfig; name = "Pods-net.debug.xcconfig"; path = "Target Support Files/Pods-net/Pods-net.debug.xcconfig"; sourceTree = "<group>"; };
		4656733D226D66F7000F646E /* net */ = {isa = PBXFileReference; explicitFileType = "compiled.mach-o.executable"; includeInIndex = 0; path = net; sourceTree = BUILT_PRODUCTS_DIR; };
		46567340226D66F7000F646E /* main.m */ = {isa = PBXFileReference; lastKnownFileType = sourcecode.c.objc; path = main.m; sourceTree = "<group>"; };
		46A9E520226D6FEB006D34C2 /* libAFNetworking.a */ = {isa = PBXFileReference; explicitFileType = archive.ar; path = libAFNetworking.a; sourceTree = BUILT_PRODUCTS_DIR; };
		46A9E522226D72E0006D34C2 /* NetManager.m */ = {isa = PBXFileReference; fileEncoding = 4; lastKnownFileType = sourcecode.c.objc; path = NetManager.m; sourceTree = "<group>"; };
		46A9E523226D72E0006D34C2 /* NetManager+UPRequest.m */ = {isa = PBXFileReference; fileEncoding = 4; lastKnownFileType = sourcecode.c.objc; path = "NetManager+UPRequest.m"; sourceTree = "<group>"; };
		46A9E524226D72E0006D34C2 /* NetManager.h */ = {isa = PBXFileReference; fileEncoding = 4; lastKnownFileType = sourcecode.c.h; path = NetManager.h; sourceTree = "<group>"; };
		46A9E525226D72E0006D34C2 /* NetManager+UPRequest.h */ = {isa = PBXFileReference; fileEncoding = 4; lastKnownFileType = sourcecode.c.h; path = "NetManager+UPRequest.h"; sourceTree = "<group>"; };
		46A9E528226DB55F006D34C2 /* NetMangerConfigure.h */ = {isa = PBXFileReference; lastKnownFileType = sourcecode.c.h; path = NetMangerConfigure.h; sourceTree = "<group>"; };
		46A9E529226DB55F006D34C2 /* NetMangerConfigure.m */ = {isa = PBXFileReference; lastKnownFileType = sourcecode.c.objc; path = NetMangerConfigure.m; sourceTree = "<group>"; };
		74E5C89C146BF02D0AF5C983 /* libPods-net.a */ = {isa = PBXFileReference; explicitFileType = archive.ar; includeInIndex = 0; path = "libPods-net.a"; sourceTree = BUILT_PRODUCTS_DIR; };
		A94C0B8034D70F8ACA83FBCE /* Pods-net.release.xcconfig */ = {isa = PBXFileReference; includeInIndex = 1; lastKnownFileType = text.xcconfig; name = "Pods-net.release.xcconfig"; path = "Target Support Files/Pods-net/Pods-net.release.xcconfig"; sourceTree = "<group>"; };
/* End PBXFileReference section */

/* Begin PBXFrameworksBuildPhase section */
		4656733A226D66F7000F646E /* Frameworks */ = {
			isa = PBXFrameworksBuildPhase;
			buildActionMask = 2147483647;
			files = (
				FEE30B44B085010D0433E849 /* libPods-net.a in Frameworks */,
			);
			runOnlyForDeploymentPostprocessing = 0;
		};
/* End PBXFrameworksBuildPhase section */

/* Begin PBXGroup section */
		46567334226D66F7000F646E = {
			isa = PBXGroup;
			children = (
				4656733F226D66F7000F646E /* net */,
				4656733E226D66F7000F646E /* Products */,
				A9D98CB7DCEFEB928D133786 /* Pods */,
				F47413E159FD206BB4F0AEE1 /* Frameworks */,
			);
			sourceTree = "<group>";
		};
		4656733E226D66F7000F646E /* Products */ = {
			isa = PBXGroup;
			children = (
				4656733D226D66F7000F646E /* net */,
			);
			name = Products;
			sourceTree = "<group>";
		};
		4656733F226D66F7000F646E /* net */ = {
			isa = PBXGroup;
			children = (
				46A9E525226D72E0006D34C2 /* NetManager+UPRequest.h */,
				46A9E523226D72E0006D34C2 /* NetManager+UPRequest.m */,
				46A9E524226D72E0006D34C2 /* NetManager.h */,
				46A9E522226D72E0006D34C2 /* NetManager.m */,
				46A9E528226DB55F006D34C2 /* NetMangerConfigure.h */,
				46A9E529226DB55F006D34C2 /* NetMangerConfigure.m */,
				46567340226D66F7000F646E /* main.m */,
			);
			path = net;
			sourceTree = "<group>";
		};
		A9D98CB7DCEFEB928D133786 /* Pods */ = {
			isa = PBXGroup;
			children = (
				3B19C2BFC40E469A051934ED /* Pods-net.debug.xcconfig */,
				A94C0B8034D70F8ACA83FBCE /* Pods-net.release.xcconfig */,
			);
			path = Pods;
			sourceTree = "<group>";
		};
		F47413E159FD206BB4F0AEE1 /* Frameworks */ = {
			isa = PBXGroup;
			children = (
				46A9E520226D6FEB006D34C2 /* libAFNetworking.a */,
				74E5C89C146BF02D0AF5C983 /* libPods-net.a */,
			);
			name = Frameworks;
			sourceTree = "<group>";
		};
/* End PBXGroup section */

/* Begin PBXNativeTarget section */
		4656733C226D66F7000F646E /* net */ = {
			isa = PBXNativeTarget;
			buildConfigurationList = 46567344226D66F7000F646E /* Build configuration list for PBXNativeTarget "net" */;
			buildPhases = (
				37D300AB901C65ABAAC95800 /* [CP] Check Pods Manifest.lock */,
				46567339226D66F7000F646E /* Sources */,
				4656733A226D66F7000F646E /* Frameworks */,
				4656733B226D66F7000F646E /* CopyFiles */,
			);
			buildRules = (
			);
			dependencies = (
			);
			name = net;
			productName = net;
			productReference = 4656733D226D66F7000F646E /* net */;
			productType = "com.apple.product-type.tool";
		};
/* End PBXNativeTarget section */

/* Begin PBXProject section */
		46567335226D66F7000F646E /* Project object */ = {
			isa = PBXProject;
			attributes = {
				LastUpgradeCheck = 1010;
				ORGANIZATIONNAME = Emadata;
				TargetAttributes = {
					4656733C226D66F7000F646E = {
						CreatedOnToolsVersion = 10.1;
					};
				};
			};
			buildConfigurationList = 46567338226D66F7000F646E /* Build configuration list for PBXProject "net" */;
			compatibilityVersion = "Xcode 9.3";
			developmentRegion = en;
			hasScannedForEncodings = 0;
			knownRegions = (
				en,
			);
			mainGroup = 46567334226D66F7000F646E;
			productRefGroup = 4656733E226D66F7000F646E /* Products */;
			projectDirPath = "";
			projectRoot = "";
			targets = (
				4656733C226D66F7000F646E /* net */,
			);
		};
/* End PBXProject section */

/* Begin PBXShellScriptBuildPhase section */
		37D300AB901C65ABAAC95800 /* [CP] Check Pods Manifest.lock */ = {
			isa = PBXShellScriptBuildPhase;
			buildActionMask = 2147483647;
			files = (
			);
			inputFileListPaths = (
			);
			inputPaths = (
				"${PODS_PODFILE_DIR_PATH}/Podfile.lock",
				"${PODS_ROOT}/Manifest.lock",
			);
			name = "[CP] Check Pods Manifest.lock";
			outputFileListPaths = (
			);
			outputPaths = (
				"$(DERIVED_FILE_DIR)/Pods-net-checkManifestLockResult.txt",
			);
			runOnlyForDeploymentPostprocessing = 0;
			shellPath = /bin/sh;
			shellScript = "diff \"${PODS_PODFILE_DIR_PATH}/Podfile.lock\" \"${PODS_ROOT}/Manifest.lock\" > /dev/null\nif [ $? != 0 ] ; then\n    # print error to STDERR\n    echo \"error: The sandbox is not in sync with the Podfile.lock. Run 'pod install' or update your CocoaPods installation.\" >&2\n    exit 1\nfi\n# This output is used by Xcode 'outputs' to avoid re-running this script phase.\necho \"SUCCESS\" > \"${SCRIPT_OUTPUT_FILE_0}\"\n";
			showEnvVarsInLog = 0;
		};
/* End PBXShellScriptBuildPhase section */

/* Begin PBXSourcesBuildPhase section */
		46567339226D66F7000F646E /* Sources */ = {
			isa = PBXSourcesBuildPhase;
			buildActionMask = 2147483647;
			files = (
				46A9E527226D72E0006D34C2 /* NetManager+UPRequest.m in Sources */,
				46567341226D66F7000F646E /* main.m in Sources */,
				46A9E52A226DB55F006D34C2 /* NetMangerConfigure.m in Sources */,
				46A9E526226D72E0006D34C2 /* NetManager.m in Sources */,
			);
			runOnlyForDeploymentPostprocessing = 0;
		};
/* End PBXSourcesBuildPhase section */

/* Begin XCBuildConfiguration section */
		46567342226D66F7000F646E /* Debug */ = {
			isa = XCBuildConfiguration;
			buildSettings = {
				ALWAYS_SEARCH_USER_PATHS = NO;
				CLANG_ANALYZER_NONNULL = YES;
				CLANG_ANALYZER_NUMBER_OBJECT_CONVERSION = YES_AGGRESSIVE;
				CLANG_CXX_LANGUAGE_STANDARD = "gnu++14";
				CLANG_CXX_LIBRARY = "libc++";
				CLANG_ENABLE_MODULES = YES;
				CLANG_ENABLE_OBJC_ARC = YES;
				CLANG_ENABLE_OBJC_WEAK = YES;
				CLANG_WARN_BLOCK_CAPTURE_AUTORELEASING = YES;
				CLANG_WARN_BOOL_CONVERSION = YES;
				CLANG_WARN_COMMA = YES;
				CLANG_WARN_CONSTANT_CONVERSION = YES;
				CLANG_WARN_DEPRECATED_OBJC_IMPLEMENTATIONS = YES;
				CLANG_WARN_DIRECT_OBJC_ISA_USAGE = YES_ERROR;
				CLANG_WARN_DOCUMENTATION_COMMENTS = YES;
				CLANG_WARN_EMPTY_BODY = YES;
				CLANG_WARN_ENUM_CONVERSION = YES;
				CLANG_WARN_INFINITE_RECURSION = YES;
				CLANG_WARN_INT_CONVERSION = YES;
				CLANG_WARN_NON_LITERAL_NULL_CONVERSION = YES;
				CLANG_WARN_OBJC_IMPLICIT_RETAIN_SELF = YES;
				CLANG_WARN_OBJC_LITERAL_CONVERSION = YES;
				CLANG_WARN_OBJC_ROOT_CLASS = YES_ERROR;
				CLANG_WARN_RANGE_LOOP_ANALYSIS = YES;
				CLANG_WARN_STRICT_PROTOTYPES = YES;
				CLANG_WARN_SUSPICIOUS_MOVE = YES;
				CLANG_WARN_UNGUARDED_AVAILABILITY = YES_AGGRESSIVE;
				CLANG_WARN_UNREACHABLE_CODE = YES;
				CLANG_WARN__DUPLICATE_METHOD_MATCH = YES;
				CODE_SIGN_IDENTITY = "-";
				COPY_PHASE_STRIP = NO;
				DEBUG_INFORMATION_FORMAT = dwarf;
				ENABLE_STRICT_OBJC_MSGSEND = YES;
				ENABLE_TESTABILITY = YES;
				GCC_C_LANGUAGE_STANDARD = gnu11;
				GCC_DYNAMIC_NO_PIC = NO;
				GCC_NO_COMMON_BLOCKS = YES;
				GCC_OPTIMIZATION_LEVEL = 0;
				GCC_PREPROCESSOR_DEFINITIONS = (
					"DEBUG=1",
					"$(inherited)",
				);
				GCC_WARN_64_TO_32_BIT_CONVERSION = YES;
				GCC_WARN_ABOUT_RETURN_TYPE = YES_ERROR;
				GCC_WARN_UNDECLARED_SELECTOR = YES;
				GCC_WARN_UNINITIALIZED_AUTOS = YES_AGGRESSIVE;
				GCC_WARN_UNUSED_FUNCTION = YES;
				GCC_WARN_UNUSED_VARIABLE = YES;
				MACOSX_DEPLOYMENT_TARGET = 10.14;
				MTL_ENABLE_DEBUG_INFO = INCLUDE_SOURCE;
				MTL_FAST_MATH = YES;
				ONLY_ACTIVE_ARCH = YES;
				SDKROOT = macosx;
			};
			name = Debug;
		};
		46567343226D66F7000F646E /* Release */ = {
			isa = XCBuildConfiguration;
			buildSettings = {
				ALWAYS_SEARCH_USER_PATHS = NO;
				CLANG_ANALYZER_NONNULL = YES;
				CLANG_ANALYZER_NUMBER_OBJECT_CONVERSION = YES_AGGRESSIVE;
				CLANG_CXX_LANGUAGE_STANDARD = "gnu++14";
				CLANG_CXX_LIBRARY = "libc++";
				CLANG_ENABLE_MODULES = YES;
				CLANG_ENABLE_OBJC_ARC = YES;
				CLANG_ENABLE_OBJC_WEAK = YES;
				CLANG_WARN_BLOCK_CAPTURE_AUTORELEASING = YES;
				CLANG_WARN_BOOL_CONVERSION = YES;
				CLANG_WARN_COMMA = YES;
				CLANG_WARN_CONSTANT_CONVERSION = YES;
				CLANG_WARN_DEPRECATED_OBJC_IMPLEMENTATIONS = YES;
				CLANG_WARN_DIRECT_OBJC_ISA_USAGE = YES_ERROR;
				CLANG_WARN_DOCUMENTATION_COMMENTS = YES;
				CLANG_WARN_EMPTY_BODY = YES;
				CLANG_WARN_ENUM_CONVERSION = YES;
				CLANG_WARN_INFINITE_RECURSION = YES;
				CLANG_WARN_INT_CONVERSION = YES;
				CLANG_WARN_NON_LITERAL_NULL_CONVERSION = YES;
				CLANG_WARN_OBJC_IMPLICIT_RETAIN_SELF = YES;
				CLANG_WARN_OBJC_LITERAL_CONVERSION = YES;
				CLANG_WARN_OBJC_ROOT_CLASS = YES_ERROR;
				CLANG_WARN_RANGE_LOOP_ANALYSIS = YES;
				CLANG_WARN_STRICT_PROTOTYPES = YES;
				CLANG_WARN_SUSPICIOUS_MOVE = YES;
				CLANG_WARN_UNGUARDED_AVAILABILITY = YES_AGGRESSIVE;
				CLANG_WARN_UNREACHABLE_CODE = YES;
				CLANG_WARN__DUPLICATE_METHOD_MATCH = YES;
				CODE_SIGN_IDENTITY = "-";
				COPY_PHASE_STRIP = NO;
				DEBUG_INFORMATION_FORMAT = "dwarf-with-dsym";
				ENABLE_NS_ASSERTIONS = NO;
				ENABLE_STRICT_OBJC_MSGSEND = YES;
				GCC_C_LANGUAGE_STANDARD = gnu11;
				GCC_NO_COMMON_BLOCKS = YES;
				GCC_WARN_64_TO_32_BIT_CONVERSION = YES;
				GCC_WARN_ABOUT_RETURN_TYPE = YES_ERROR;
				GCC_WARN_UNDECLARED_SELECTOR = YES;
				GCC_WARN_UNINITIALIZED_AUTOS = YES_AGGRESSIVE;
				GCC_WARN_UNUSED_FUNCTION = YES;
				GCC_WARN_UNUSED_VARIABLE = YES;
				MACOSX_DEPLOYMENT_TARGET = 10.14;
				MTL_ENABLE_DEBUG_INFO = NO;
				MTL_FAST_MATH = YES;
				SDKROOT = macosx;
			};
			name = Release;
		};
		46567345226D66F7000F646E /* Debug */ = {
			isa = XCBuildConfiguration;
			baseConfigurationReference = 3B19C2BFC40E469A051934ED /* Pods-net.debug.xcconfig */;
			buildSettings = {
				CODE_SIGN_STYLE = Automatic;
				PRODUCT_NAME = "$(TARGET_NAME)";
			};
			name = Debug;
		};
		46567346226D66F7000F646E /* Release */ = {
			isa = XCBuildConfiguration;
			baseConfigurationReference = A94C0B8034D70F8ACA83FBCE /* Pods-net.release.xcconfig */;
			buildSettings = {
				CODE_SIGN_STYLE = Automatic;
				PRODUCT_NAME = "$(TARGET_NAME)";
			};
			name = Release;
		};
/* End XCBuildConfiguration section */

/* Begin XCConfigurationList section */
		46567338226D66F7000F646E /* Build configuration list for PBXProject "net" */ = {
			isa = XCConfigurationList;
			buildConfigurations = (
				46567342226D66F7000F646E /* Debug */,
				46567343226D66F7000F646E /* Release */,
			);
			defaultConfigurationIsVisible = 0;
			defaultConfigurationName = Release;
		};
		46567344226D66F7000F646E /* Build configuration list for PBXNativeTarget "net" */ = {
			isa = XCConfigurationList;
			buildConfigurations = (
				46567345226D66F7000F646E /* Debug */,
				46567346226D66F7000F646E /* Release */,
			);
			defaultConfigurationIsVisible = 0;
			defaultConfigurationName = Release;
		};
/* End XCConfigurationList section */
	};
	rootObject = 46567335226D66F7000F646E /* Project object */;
}
